// !$*UTF8*$!
{
	archiveVersion = 1;
	classes = {
	};
	objectVersion = 50;
	objects = {

/* Begin PBXBuildFile section */
		2CED26E04437554DB5445206 /* Pods_SecondAlamofireDemo.framework in Frameworks */ = {isa = PBXBuildFile; fileRef = 95CECA9043034FE48B4AD8EB /* Pods_SecondAlamofireDemo.framework */; };
		E4490B68226DDDE9006346FD /* AppDelegate.swift in Sources */ = {isa = PBXBuildFile; fileRef = E4490B67226DDDE9006346FD /* AppDelegate.swift */; };
		E4490B6A226DDDE9006346FD /* ViewController.swift in Sources */ = {isa = PBXBuildFile; fileRef = E4490B69226DDDE9006346FD /* ViewController.swift */; };
		E4490B6D226DDDE9006346FD /* Main.storyboard in Resources */ = {isa = PBXBuildFile; fileRef = E4490B6B226DDDE9006346FD /* Main.storyboard */; };
		E4490B6F226DDDE9006346FD /* Assets.xcassets in Resources */ = {isa = PBXBuildFile; fileRef = E4490B6E226DDDE9006346FD /* Assets.xcassets */; };
		E4490B72226DDDE9006346FD /* LaunchScreen.storyboard in Resources */ = {isa = PBXBuildFile; fileRef = E4490B70226DDDE9006346FD /* LaunchScreen.storyboard */; };
/* End PBXBuildFile section */

/* Begin PBXFileReference section */
		824956B876A4168954DBA838 /* Pods-SecondAlamofireDemo.debug.xcconfig */ = {isa = PBXFileReference; includeInIndex = 1; lastKnownFileType = text.xcconfig; name = "Pods-SecondAlamofireDemo.debug.xcconfig"; path = "Target Support Files/Pods-SecondAlamofireDemo/Pods-SecondAlamofireDemo.debug.xcconfig"; sourceTree = "<group>"; };
		95CECA9043034FE48B4AD8EB /* Pods_SecondAlamofireDemo.framework */ = {isa = PBXFileReference; explicitFileType = wrapper.framework; includeInIndex = 0; path = Pods_SecondAlamofireDemo.framework; sourceTree = BUILT_PRODUCTS_DIR; };
		A433FDEFC9E35D3CC2687DC6 /* Pods-SecondAlamofireDemo.release.xcconfig */ = {isa = PBXFileReference; includeInIndex = 1; lastKnownFileType = text.xcconfig; name = "Pods-SecondAlamofireDemo.release.xcconfig"; path = "Target Support Files/Pods-SecondAlamofireDemo/Pods-SecondAlamofireDemo.release.xcconfig"; sourceTree = "<group>"; };
		E4490B64226DDDE9006346FD /* SecondAlamofireDemo.app */ = {isa = PBXFileReference; explicitFileType = wrapper.application; includeInIndex = 0; path = SecondAlamofireDemo.app; sourceTree = BUILT_PRODUCTS_DIR; };
		E4490B67226DDDE9006346FD /* AppDelegate.swift */ = {isa = PBXFileReference; lastKnownFileType = sourcecode.swift; path = AppDelegate.swift; sourceTree = "<group>"; };
		E4490B69226DDDE9006346FD /* ViewController.swift */ = {isa = PBXFileReference; lastKnownFileType = sourcecode.swift; path = ViewController.swift; sourceTree = "<group>"; };
		E4490B6C226DDDE9006346FD /* Base */ = {isa = PBXFileReference; lastKnownFileType = file.storyboard; name = Base; path = Base.lproj/Main.storyboard; sourceTree = "<group>"; };
		E4490B6E226DDDE9006346FD /* Assets.xcassets */ = {isa = PBXFileReference; lastKnownFileType = folder.assetcatalog; path = Assets.xcassets; sourceTree = "<group>"; };
		E4490B71226DDDE9006346FD /* Base */ = {isa = PBXFileReference; lastKnownFileType = file.storyboard; name = Base; path = Base.lproj/LaunchScreen.storyboard; sourceTree = "<group>"; };
		E4490B73226DDDE9006346FD /* Info.plist */ = {isa = PBXFileReference; lastKnownFileType = text.plist.xml; path = Info.plist; sourceTree = "<group>"; };
/* End PBXFileReference section */

/* Begin PBXFrameworksBuildPhase section */
		E4490B61226DDDE9006346FD /* Frameworks */ = {
			isa = PBXFrameworksBuildPhase;
			buildActionMask = 2147483647;
			files = (
				2CED26E04437554DB5445206 /* Pods_SecondAlamofireDemo.framework in Frameworks */,
			);
			runOnlyForDeploymentPostprocessing = 0;
		};
/* End PBXFrameworksBuildPhase section */

/* Begin PBXGroup section */
		DCACF93FDF645AC42182B814 /* Pods */ = {
			isa = PBXGroup;
			children = (
				824956B876A4168954DBA838 /* Pods-SecondAlamofireDemo.debug.xcconfig */,
				A433FDEFC9E35D3CC2687DC6 /* Pods-SecondAlamofireDemo.release.xcconfig */,
			);
			name = Pods;
			path = Pods;
			sourceTree = "<group>";
		};
		E40E95B6CAFF6E4EBC831ACA /* Frameworks */ = {
			isa = PBXGroup;
			children = (
				95CECA9043034FE48B4AD8EB /* Pods_SecondAlamofireDemo.framework */,
			);
			name = Frameworks;
			sourceTree = "<group>";
		};
		E4490B5B226DDDE9006346FD = {
			isa = PBXGroup;
			children = (
				E4490B66226DDDE9006346FD /* SecondAlamofireDemo */,
				E4490B65226DDDE9006346FD /* Products */,
				DCACF93FDF645AC42182B814 /* Pods */,
				E40E95B6CAFF6E4EBC831ACA /* Frameworks */,
			);
			sourceTree = "<group>";
		};
		E4490B65226DDDE9006346FD /* Products */ = {
			isa = PBXGroup;
			children = (
				E4490B64226DDDE9006346FD /* SecondAlamofireDemo.app */,
			);
			name = Products;
			sourceTree = "<group>";
		};
		E4490B66226DDDE9006346FD /* SecondAlamofireDemo */ = {
			isa = PBXGroup;
			children = (
				E4490B67226DDDE9006346FD /* AppDelegate.swift */,
				E4490B69226DDDE9006346FD /* ViewController.swift */,
				E4490B6B226DDDE9006346FD /* Main.storyboard */,
				E4490B6E226DDDE9006346FD /* Assets.xcassets */,
				E4490B70226DDDE9006346FD /* LaunchScreen.storyboard */,
				E4490B73226DDDE9006346FD /* Info.plist */,
			);
			path = SecondAlamofireDemo;
			sourceTree = "<group>";
		};
/* End PBXGroup section */

/* Begin PBXNativeTarget section */
		E4490B63226DDDE9006346FD /* SecondAlamofireDemo */ = {
			isa = PBXNativeTarget;
			buildConfigurationList = E4490B76226DDDE9006346FD /* Build configuration list for PBXNativeTarget "SecondAlamofireDemo" */;
			buildPhases = (
				D7EFEA20766741FEDB168361 /* [CP] Check Pods Manifest.lock */,
				E4490B60226DDDE9006346FD /* Sources */,
				E4490B61226DDDE9006346FD /* Frameworks */,
				E4490B62226DDDE9006346FD /* Resources */,
				151A603A1089B8AD834FCD12 /* [CP] Embed Pods Frameworks */,
			);
			buildRules = (
			);
			dependencies = (
			);
			name = SecondAlamofireDemo;
			productName = SecondAlamofireDemo;
			productReference = E4490B64226DDDE9006346FD /* SecondAlamofireDemo.app */;
			productType = "com.apple.product-type.application";
		};
/* End PBXNativeTarget section */

/* Begin PBXProject section */
		E4490B5C226DDDE9006346FD /* Project object */ = {
			isa = PBXProject;
			attributes = {
				LastSwiftUpdateCheck = 1020;
				LastUpgradeCheck = 1020;
				ORGANIZATIONNAME = SilkSong;
				TargetAttributes = {
					E4490B63226DDDE9006346FD = {
						CreatedOnToolsVersion = 10.2.1;
					};
				};
			};
			buildConfigurationList = E4490B5F226DDDE9006346FD /* Build configuration list for PBXProject "SecondAlamofireDemo" */;
			compatibilityVersion = "Xcode 9.3";
			developmentRegion = en;
			hasScannedForEncodings = 0;
			knownRegions = (
				en,
				Base,
			);
			mainGroup = E4490B5B226DDDE9006346FD;
			productRefGroup = E4490B65226DDDE9006346FD /* Products */;
			projectDirPath = "";
			projectRoot = "";
			targets = (
				E4490B63226DDDE9006346FD /* SecondAlamofireDemo */,
			);
		};
/* End PBXProject section */

/* Begin PBXResourcesBuildPhase section */
		E4490B62226DDDE9006346FD /* Resources */ = {
			isa = PBXResourcesBuildPhase;
			buildActionMask = 2147483647;
			files = (
				E4490B72226DDDE9006346FD /* LaunchScreen.storyboard in Resources */,
				E4490B6F226DDDE9006346FD /* Assets.xcassets in Resources */,
				E4490B6D226DDDE9006346FD /* Main.storyboard in Resources */,
			);
			runOnlyForDeploymentPostprocessing = 0;
		};
/* End PBXResourcesBuildPhase section */

/* Begin PBXShellScriptBuildPhase section */
		151A603A1089B8AD834FCD12 /* [CP] Embed Pods Frameworks */ = {
			isa = PBXShellScriptBuildPhase;
			buildActionMask = 2147483647;
			files = (
			);
			inputFileListPaths = (
				"${PODS_ROOT}/Target Support Files/Pods-SecondAlamofireDemo/Pods-SecondAlamofireDemo-frameworks-${CONFIGURATION}-input-files.xcfilelist",
			);
			name = "[CP] Embed Pods Frameworks";
			outputFileListPaths = (
				"${PODS_ROOT}/Target Support Files/Pods-SecondAlamofireDemo/Pods-SecondAlamofireDemo-frameworks-${CONFIGURATION}-output-files.xcfilelist",
			);
			runOnlyForDeploymentPostprocessing = 0;
			shellPath = /bin/sh;
			shellScript = "\"${PODS_ROOT}/Target Support Files/Pods-SecondAlamofireDemo/Pods-SecondAlamofireDemo-frameworks.sh\"\n";
			showEnvVarsInLog = 0;
		};
		D7EFEA20766741FEDB168361 /* [CP] Check Pods Manifest.lock */ = {
			isa = PBXShellScriptBuildPhase;
			buildActionMask = 2147483647;
			files = (
			);
			inputFileListPaths = (
			);
			inputPaths = (
				"${PODS_PODFILE_DIR_PATH}/Podfile.lock",
				"${PODS_ROOT}/Manifest.lock",
			);
			name = "[CP] Check Pods Manifest.lock";
			outputFileListPaths = (
			);
			outputPaths = (
				"$(DERIVED_FILE_DIR)/Pods-SecondAlamofireDemo-checkManifestLockResult.txt",
			);
			runOnlyForDeploymentPostprocessing = 0;
			shellPath = /bin/sh;
			shellScript = "diff \"${PODS_PODFILE_DIR_PATH}/Podfile.lock\" \"${PODS_ROOT}/Manifest.lock\" > /dev/null\nif [ $? != 0 ] ; then\n    # print error to STDERR\n    echo \"error: The sandbox is not in sync with the Podfile.lock. Run 'pod install' or update your CocoaPods installation.\" >&2\n    exit 1\nfi\n# This output is used by Xcode 'outputs' to avoid re-running this script phase.\necho \"SUCCESS\" > \"${SCRIPT_OUTPUT_FILE_0}\"\n";
			showEnvVarsInLog = 0;
		};
/* End PBXShellScriptBuildPhase section */

/* Begin PBXSourcesBuildPhase section */
		E4490B60226DDDE9006346FD /* Sources */ = {
			isa = PBXSourcesBuildPhase;
			buildActionMask = 2147483647;
			files = (
				E4490B6A226DDDE9006346FD /* ViewController.swift in Sources */,
				E4490B68226DDDE9006346FD /* AppDelegate.swift in Sources */,
			);
			runOnlyForDeploymentPostprocessing = 0;
		};
/* End PBXSourcesBuildPhase section */

/* Begin PBXVariantGroup section */
		E4490B6B226DDDE9006346FD /* Main.storyboard */ = {
			isa = PBXVariantGroup;
			children = (
				E4490B6C226DDDE9006346FD /* Base */,
			);
			name = Main.storyboard;
			sourceTree = "<group>";
		};
		E4490B70226DDDE9006346FD /* LaunchScreen.storyboard */ = {
			isa = PBXVariantGroup;
			children = (
				E4490B71226DDDE9006346FD /* Base */,
			);
			name = LaunchScreen.storyboard;
			sourceTree = "<group>";
		};
/* End PBXVariantGroup section */

/* Begin XCBuildConfiguration section */
		E4490B74226DDDE9006346FD /* Debug */ = {
			isa = XCBuildConfiguration;
			buildSettings = {
				ALWAYS_SEARCH_USER_PATHS = NO;
				CLANG_ANALYZER_NONNULL = YES;
				CLANG_ANALYZER_NUMBER_OBJECT_CONVERSION = YES_AGGRESSIVE;
				CLANG_CXX_LANGUAGE_STANDARD = "gnu++14";
				CLANG_CXX_LIBRARY = "libc++";
				CLANG_ENABLE_MODULES = YES;
				CLANG_ENABLE_OBJC_ARC = YES;
				CLANG_ENABLE_OBJC_WEAK = YES;
				CLANG_WARN_BLOCK_CAPTURE_AUTORELEASING = YES;
				CLANG_WARN_BOOL_CONVERSION = YES;
				CLANG_WARN_COMMA = YES;
				CLANG_WARN_CONSTANT_CONVERSION = YES;
				CLANG_WARN_DEPRECATED_OBJC_IMPLEMENTATIONS = YES;
				CLANG_WARN_DIRECT_OBJC_ISA_USAGE = YES_ERROR;
				CLANG_WARN_DOCUMENTATION_COMMENTS = YES;
				CLANG_WARN_EMPTY_BODY = YES;
				CLANG_WARN_ENUM_CONVERSION = YES;
				CLANG_WARN_INFINITE_RECURSION = YES;
				CLANG_WARN_INT_CONVERSION = YES;
				CLANG_WARN_NON_LITERAL_NULL_CONVERSION = YES;
				CLANG_WARN_OBJC_IMPLICIT_RETAIN_SELF = YES;
				CLANG_WARN_OBJC_LITERAL_CONVERSION = YES;
				CLANG_WARN_OBJC_ROOT_CLASS = YES_ERROR;
				CLANG_WARN_RANGE_LOOP_ANALYSIS = YES;
				CLANG_WARN_STRICT_PROTOTYPES = YES;
				CLANG_WARN_SUSPICIOUS_MOVE = YES;
				CLANG_WARN_UNGUARDED_AVAILABILITY = YES_AGGRESSIVE;
				CLANG_WARN_UNREACHABLE_CODE = YES;
				CLANG_WARN__DUPLICATE_METHOD_MATCH = YES;
				CODE_SIGN_IDENTITY = "iPhone Developer";
				COPY_PHASE_STRIP = NO;
				DEBUG_INFORMATION_FORMAT = dwarf;
				ENABLE_STRICT_OBJC_MSGSEND = YES;
				ENABLE_TESTABILITY = YES;
				GCC_C_LANGUAGE_STANDARD = gnu11;
				GCC_DYNAMIC_NO_PIC = NO;
				GCC_NO_COMMON_BLOCKS = YES;
				GCC_OPTIMIZATION_LEVEL = 0;
				GCC_PREPROCESSOR_DEFINITIONS = (
					"DEBUG=1",
					"$(inherited)",
				);
				GCC_WARN_64_TO_32_BIT_CONVERSION = YES;
				GCC_WARN_ABOUT_RETURN_TYPE = YES_ERROR;
				GCC_WARN_UNDECLARED_SELECTOR = YES;
				GCC_WARN_UNINITIALIZED_AUTOS = YES_AGGRESSIVE;
				GCC_WARN_UNUSED_FUNCTION = YES;
				GCC_WARN_UNUSED_VARIABLE = YES;
				IPHONEOS_DEPLOYMENT_TARGET = 12.2;
				MTL_ENABLE_DEBUG_INFO = INCLUDE_SOURCE;
				MTL_FAST_MATH = YES;
				ONLY_ACTIVE_ARCH = YES;
				SDKROOT = iphoneos;
				SWIFT_ACTIVE_COMPILATION_CONDITIONS = DEBUG;
				SWIFT_OPTIMIZATION_LEVEL = "-Onone";
			};
			name = Debug;
		};
		E4490B75226DDDE9006346FD /* Release */ = {
			isa = XCBuildConfiguration;
			buildSettings = {
				ALWAYS_SEARCH_USER_PATHS = NO;
				CLANG_ANALYZER_NONNULL = YES;
				CLANG_ANALYZER_NUMBER_OBJECT_CONVERSION = YES_AGGRESSIVE;
				CLANG_CXX_LANGUAGE_STANDARD = "gnu++14";
				CLANG_CXX_LIBRARY = "libc++";
				CLANG_ENABLE_MODULES = YES;
				CLANG_ENABLE_OBJC_ARC = YES;
				CLANG_ENABLE_OBJC_WEAK = YES;
				CLANG_WARN_BLOCK_CAPTURE_AUTORELEASING = YES;
				CLANG_WARN_BOOL_CONVERSION = YES;
				CLANG_WARN_COMMA = YES;
				CLANG_WARN_CONSTANT_CONVERSION = YES;
				CLANG_WARN_DEPRECATED_OBJC_IMPLEMENTATIONS = YES;
				CLANG_WARN_DIRECT_OBJC_ISA_USAGE = YES_ERROR;
				CLANG_WARN_DOCUMENTATION_COMMENTS = YES;
				CLANG_WARN_EMPTY_BODY = YES;
				CLANG_WARN_ENUM_CONVERSION = YES;
				CLANG_WARN_INFINITE_RECURSION = YES;
				CLANG_WARN_INT_CONVERSION = YES;
				CLANG_WARN_NON_LITERAL_NULL_CONVERSION = YES;
				CLANG_WARN_OBJC_IMPLICIT_RETAIN_SELF = YES;
				CLANG_WARN_OBJC_LITERAL_CONVERSION = YES;
				CLANG_WARN_OBJC_ROOT_CLASS = YES_ERROR;
				CLANG_WARN_RANGE_LOOP_ANALYSIS = YES;
				CLANG_WARN_STRICT_PROTOTYPES = YES;
				CLANG_WARN_SUSPICIOUS_MOVE = YES;
				CLANG_WARN_UNGUARDED_AVAILABILITY = YES_AGGRESSIVE;
				CLANG_WARN_UNREACHABLE_CODE = YES;
				CLANG_WARN__DUPLICATE_METHOD_MATCH = YES;
				CODE_SIGN_IDENTITY = "iPhone Developer";
				COPY_PHASE_STRIP = NO;
				DEBUG_INFORMATION_FORMAT = "dwarf-with-dsym";
				ENABLE_NS_ASSERTIONS = NO;
				ENABLE_STRICT_OBJC_MSGSEND = YES;
				GCC_C_LANGUAGE_STANDARD = gnu11;
				GCC_NO_COMMON_BLOCKS = YES;
				GCC_WARN_64_TO_32_BIT_CONVERSION = YES;
				GCC_WARN_ABOUT_RETURN_TYPE = YES_ERROR;
				GCC_WARN_UNDECLARED_SELECTOR = YES;
				GCC_WARN_UNINITIALIZED_AUTOS = YES_AGGRESSIVE;
				GCC_WARN_UNUSED_FUNCTION = YES;
				GCC_WARN_UNUSED_VARIABLE = YES;
				IPHONEOS_DEPLOYMENT_TARGET = 12.2;
				MTL_ENABLE_DEBUG_INFO = NO;
				MTL_FAST_MATH = YES;
				SDKROOT = iphoneos;
				SWIFT_COMPILATION_MODE = wholemodule;
				SWIFT_OPTIMIZATION_LEVEL = "-O";
				VALIDATE_PRODUCT = YES;
			};
			name = Release;
		};
		E4490B77226DDDE9006346FD /* Debug */ = {
			isa = XCBuildConfiguration;
			baseConfigurationReference = 824956B876A4168954DBA838 /* Pods-SecondAlamofireDemo.debug.xcconfig */;
			buildSettings = {
				ASSETCATALOG_COMPILER_APPICON_NAME = AppIcon;
				CODE_SIGN_STYLE = Automatic;
				DEVELOPMENT_TEAM = HYUS89RVGE;
				INFOPLIST_FILE = SecondAlamofireDemo/Info.plist;
				LD_RUNPATH_SEARCH_PATHS = (
					"$(inherited)",
					"@executable_path/Frameworks",
				);
				PRODUCT_BUNDLE_IDENTIFIER = silksong.me.SecondAlamofireDemo;
				PRODUCT_NAME = "$(TARGET_NAME)";
				SWIFT_VERSION = 5.0;
				TARGETED_DEVICE_FAMILY = "1,2";
			};
			name = Debug;
		};
		E4490B78226DDDE9006346FD /* Release */ = {
			isa = XCBuildConfiguration;
			baseConfigurationReference = A433FDEFC9E35D3CC2687DC6 /* Pods-SecondAlamofireDemo.release.xcconfig */;
			buildSettings = {
				ASSETCATALOG_COMPILER_APPICON_NAME = AppIcon;
				CODE_SIGN_STYLE = Automatic;
				DEVELOPMENT_TEAM = HYUS89RVGE;
				INFOPLIST_FILE = SecondAlamofireDemo/Info.plist;
				LD_RUNPATH_SEARCH_PATHS = (
					"$(inherited)",
					"@executable_path/Frameworks",
				);
				PRODUCT_BUNDLE_IDENTIFIER = silksong.me.SecondAlamofireDemo;
				PRODUCT_NAME = "$(TARGET_NAME)";
				SWIFT_VERSION = 5.0;
				TARGETED_DEVICE_FAMILY = "1,2";
			};
			name = Release;
		};
/* End XCBuildConfiguration section */

/* Begin XCConfigurationList section */
		E4490B5F226DDDE9006346FD /* Build configuration list for PBXProject "SecondAlamofireDemo" */ = {
			isa = XCConfigurationList;
			buildConfigurations = (
				E4490B74226DDDE9006346FD /* Debug */,
				E4490B75226DDDE9006346FD /* Release */,
			);
			defaultConfigurationIsVisible = 0;
			defaultConfigurationName = Release;
		};
		E4490B76226DDDE9006346FD /* Build configuration list for PBXNativeTarget "SecondAlamofireDemo" */ = {
			isa = XCConfigurationList;
			buildConfigurations = (
				E4490B77226DDDE9006346FD /* Debug */,
				E4490B78226DDDE9006346FD /* Release */,
			);
			defaultConfigurationIsVisible = 0;
			defaultConfigurationName = Release;
		};
/* End XCConfigurationList section */
	};
	rootObject = E4490B5C226DDDE9006346FD /* Project object */;
}
